
Microsoft Visual Studio Solution File, Format Version 12.00
# Visual Studio 15
VisualStudioVersion = 15.0.27004.2002
MinimumVisualStudioVersion = 10.0.40219.1
Project("{9A19103F-16F7-4668-BE54-9A1E7A4F7556}") = "HtpcManagerCore", "HtpcManagerCore\HtpcManagerCore.csproj", "{848BF960-D7A8-47E1-AFDC-6A22267722C8}"
EndProject
Project("{FAE04EC0-301F-11D3-BF4B-00C04F79EFBC}") = "Tests", "Tests\Tests.csproj", "{D03B4B07-7728-47E8-96E0-A64F73B296DA}"
EndProject
Global
	GlobalSection(SolutionConfigurationPlatforms) = preSolution
		Debug|Any CPU = Debug|Any CPU
		Release|Any CPU = Release|Any CPU
	EndGlobalSection
	GlobalSection(ProjectConfigurationPlatforms) = postSolution
		{848BF960-D7A8-47E1-AFDC-6A22267722C8}.Debug|Any CPU.ActiveCfg = Debug|Any CPU
		{848BF960-D7A8-47E1-AFDC-6A22267722C8}.Debug|Any CPU.Build.0 = Debug|Any CPU
		{848BF960-D7A8-47E1-AFDC-6A22267722C8}.Release|Any CPU.ActiveCfg = Release|Any CPU
		{848BF960-D7A8-47E1-AFDC-6A22267722C8}.Release|Any CPU.Build.0 = Release|Any CPU
		{D03B4B07-7728-47E8-96E0-A64F73B296DA}.Debug|Any CPU.ActiveCfg = Debug|Any CPU
		{D03B4B07-7728-47E8-96E0-A64F73B296DA}.Debug|Any CPU.Build.0 = Debug|Any CPU
		{D03B4B07-7728-47E8-96E0-A64F73B296DA}.Release|Any CPU.ActiveCfg = Release|Any CPU
		{D03B4B07-7728-47E8-96E0-A64F73B296DA}.Release|Any CPU.Build.0 = Release|Any CPU
	EndGlobalSection
	GlobalSection(SolutionProperties) = preSolution
		HideSolutionNode = FALSE
	EndGlobalSection
	GlobalSection(ExtensibilityGlobals) = postSolution
		SolutionGuid = {1157EF46-655C-468B-B62B-5A52545BA427}
	EndGlobalSection
EndGlobal
